{
  "version": "3",
  "packages": {
    "specifiers": {
      "npm:@codemirror/lang-javascript@^6.2.2": "npm:@codemirror/lang-javascript@6.2.2_@codemirror+language@6.10.5_@codemirror+state@6.4.1_@codemirror+view@6.35.0_@lezer+common@1.2.3",
      "npm:@eslint/js@^9.11.1": "npm:@eslint/js@9.15.0",
      "npm:@types/json-stable-stringify@^1.1.0": "npm:@types/json-stable-stringify@1.1.0",
      "npm:@types/react-dom@^18.3.0": "npm:@types/react-dom@18.3.1",
      "npm:@types/react@^18.3.10": "npm:@types/react@18.3.12",
      "npm:@uiw/codemirror-theme-abcdef@^4.23.6": "npm:@uiw/codemirror-theme-abcdef@4.23.6",
      "npm:@uiw/react-codemirror@^4.23.6": "npm:@uiw/react-codemirror@4.23.6_@babel+runtime@7.26.0_@codemirror+state@6.4.1_@codemirror+theme-one-dark@6.1.2_@codemirror+view@6.35.0_codemirror@6.0.1__@codemirror+language@6.10.5__@codemirror+state@6.4.1__@codemirror+view@6.35.0_react@18.3.1_react-dom@18.3.1__react@18.3.1_@codemirror+commands@6.7.1",
      "npm:json-stable-stringify@^1.1.1": "npm:json-stable-stringify@1.1.1",
      "npm:react-dom@^18.3.1": "npm:react-dom@18.3.1_react@18.3.1",
      "npm:react@^18.3.1": "npm:react@18.3.1",
      "npm:typescript@^5.5.3": "npm:typescript@5.7.2"
    },
    "npm": {
      "@babel/runtime@7.26.0": {
        "integrity": "sha512-FDSOghenHTiToteC/QRlv2q3DhPZ/oOXTBoirfWNx1Cx3TMVcGWQtMMmQcSvb/JjpNeGzx8Pq/b4fKEJuWm1sw==",
        "dependencies": {
          "regenerator-runtime": "regenerator-runtime@0.14.1"
        }
      },
      "@codemirror/autocomplete@6.18.3_@codemirror+language@6.10.5_@codemirror+state@6.4.1_@codemirror+view@6.35.0_@lezer+common@1.2.3": {
        "integrity": "sha512-1dNIOmiM0z4BIBwxmxEfA1yoxh1MF/6KPBbh20a5vphGV0ictKlgQsbJs6D6SkR6iJpGbpwRsa6PFMNlg9T9pQ==",
        "dependencies": {
          "@codemirror/language": "@codemirror/language@6.10.5",
          "@codemirror/state": "@codemirror/state@6.4.1",
          "@codemirror/view": "@codemirror/view@6.35.0",
          "@lezer/common": "@lezer/common@1.2.3"
        }
      },
      "@codemirror/commands@6.7.1": {
        "integrity": "sha512-llTrboQYw5H4THfhN4U3qCnSZ1SOJ60ohhz+SzU0ADGtwlc533DtklQP0vSFaQuCPDn3BPpOd1GbbnUtwNjsrw==",
        "dependencies": {
          "@codemirror/language": "@codemirror/language@6.10.5",
          "@codemirror/state": "@codemirror/state@6.4.1",
          "@codemirror/view": "@codemirror/view@6.35.0",
          "@lezer/common": "@lezer/common@1.2.3"
        }
      },
      "@codemirror/lang-javascript@6.2.2_@codemirror+language@6.10.5_@codemirror+state@6.4.1_@codemirror+view@6.35.0_@lezer+common@1.2.3": {
        "integrity": "sha512-VGQfY+FCc285AhWuwjYxQyUQcYurWlxdKYT4bqwr3Twnd5wP5WSeu52t4tvvuWmljT4EmgEgZCqSieokhtY8hg==",
        "dependencies": {
          "@codemirror/autocomplete": "@codemirror/autocomplete@6.18.3_@codemirror+language@6.10.5_@codemirror+state@6.4.1_@codemirror+view@6.35.0_@lezer+common@1.2.3",
          "@codemirror/language": "@codemirror/language@6.10.5",
          "@codemirror/lint": "@codemirror/lint@6.8.3",
          "@codemirror/state": "@codemirror/state@6.4.1",
          "@codemirror/view": "@codemirror/view@6.35.0",
          "@lezer/common": "@lezer/common@1.2.3",
          "@lezer/javascript": "@lezer/javascript@1.4.19"
        }
      },
      "@codemirror/language@6.10.5": {
        "integrity": "sha512-sECWJyNmwqw6mSO6Qf0IVPHwhEnuYbqHBZaaIbdcXtZ6Y2r5vU/dxgC7K1ppWaJFy8XGtTBC0Pd60qI7NfJreQ==",
        "dependencies": {
          "@codemirror/state": "@codemirror/state@6.4.1",
          "@codemirror/view": "@codemirror/view@6.35.0",
          "@lezer/common": "@lezer/common@1.2.3",
          "@lezer/highlight": "@lezer/highlight@1.2.1",
          "@lezer/lr": "@lezer/lr@1.4.2",
          "style-mod": "style-mod@4.1.2"
        }
      },
      "@codemirror/lint@6.8.3": {
        "integrity": "sha512-GSGfKxCo867P7EX1k2LoCrjuQFeqVgPGRRsSl4J4c0KMkD+k1y6WYvTQkzv0iZ8JhLJDujEvlnMchv4CZQLh3Q==",
        "dependencies": {
          "@codemirror/state": "@codemirror/state@6.4.1",
          "@codemirror/view": "@codemirror/view@6.35.0",
          "crelt": "crelt@1.0.6"
        }
      },
      "@codemirror/search@6.5.8": {
        "integrity": "sha512-PoWtZvo7c1XFeZWmmyaOp2G0XVbOnm+fJzvghqGAktBW3cufwJUWvSCcNG0ppXiBEM05mZu6RhMtXPv2hpllig==",
        "dependencies": {
          "@codemirror/state": "@codemirror/state@6.4.1",
          "@codemirror/view": "@codemirror/view@6.35.0",
          "crelt": "crelt@1.0.6"
        }
      },
      "@codemirror/state@6.4.1": {
        "integrity": "sha512-QkEyUiLhsJoZkbumGZlswmAhA7CBU02Wrz7zvH4SrcifbsqwlXShVXg65f3v/ts57W3dqyamEriMhij1Z3Zz4A==",
        "dependencies": {}
      },
      "@codemirror/theme-one-dark@6.1.2": {
        "integrity": "sha512-F+sH0X16j/qFLMAfbciKTxVOwkdAS336b7AXTKOZhy8BR3eH/RelsnLgLFINrpST63mmN2OuwUt0W2ndUgYwUA==",
        "dependencies": {
          "@codemirror/language": "@codemirror/language@6.10.5",
          "@codemirror/state": "@codemirror/state@6.4.1",
          "@codemirror/view": "@codemirror/view@6.35.0",
          "@lezer/highlight": "@lezer/highlight@1.2.1"
        }
      },
      "@codemirror/view@6.35.0": {
        "integrity": "sha512-I0tYy63q5XkaWsJ8QRv5h6ves7kvtrBWjBcnf/bzohFJQc5c14a1AQRdE8QpPF9eMp5Mq2FMm59TCj1gDfE7kw==",
        "dependencies": {
          "@codemirror/state": "@codemirror/state@6.4.1",
          "style-mod": "style-mod@4.1.2",
          "w3c-keyname": "w3c-keyname@2.2.8"
        }
      },
      "@eslint/js@9.15.0": {
        "integrity": "sha512-tMTqrY+EzbXmKJR5ToI8lxu7jaN5EdmrBFJpQk5JmSlyLsx6o4t27r883K5xsLuCYCpfKBCGswMSWXsM+jB7lg==",
        "dependencies": {}
      },
      "@lezer/common@1.2.3": {
        "integrity": "sha512-w7ojc8ejBqr2REPsWxJjrMFsA/ysDCFICn8zEOR9mrqzOu2amhITYuLD8ag6XZf0CFXDrhKqw7+tW8cX66NaDA==",
        "dependencies": {}
      },
      "@lezer/highlight@1.2.1": {
        "integrity": "sha512-Z5duk4RN/3zuVO7Jq0pGLJ3qynpxUVsh7IbUbGj88+uV2ApSAn6kWg2au3iJb+0Zi7kKtqffIESgNcRXWZWmSA==",
        "dependencies": {
          "@lezer/common": "@lezer/common@1.2.3"
        }
      },
      "@lezer/javascript@1.4.19": {
        "integrity": "sha512-j44kbR1QL26l6dMunZ1uhKBFteVGLVCBGNUD2sUaMnic+rbTviVuoK0CD1l9FTW31EueWvFFswCKMH7Z+M3JRA==",
        "dependencies": {
          "@lezer/common": "@lezer/common@1.2.3",
          "@lezer/highlight": "@lezer/highlight@1.2.1",
          "@lezer/lr": "@lezer/lr@1.4.2"
        }
      },
      "@lezer/lr@1.4.2": {
        "integrity": "sha512-pu0K1jCIdnQ12aWNaAVU5bzi7Bd1w54J3ECgANPmYLtQKP0HBj2cE/5coBD66MT10xbtIuUr7tg0Shbsvk0mDA==",
        "dependencies": {
          "@lezer/common": "@lezer/common@1.2.3"
        }
      },
      "@types/json-stable-stringify@1.1.0": {
        "integrity": "sha512-ESTsHWB72QQq+pjUFIbEz9uSCZppD31YrVkbt2rnUciTYEvcwN6uZIhX5JZeBHqRlFJ41x/7MewCs7E2Qux6Cg==",
        "dependencies": {}
      },
      "@types/prop-types@15.7.13": {
        "integrity": "sha512-hCZTSvwbzWGvhqxp/RqVqwU999pBf2vp7hzIjiYOsl8wqOmUxkQ6ddw1cV3l8811+kdUFus/q4d1Y3E3SyEifA==",
        "dependencies": {}
      },
      "@types/react-dom@18.3.1": {
        "integrity": "sha512-qW1Mfv8taImTthu4KoXgDfLuk4bydU6Q/TkADnDWWHwi4NX4BR+LWfTp2sVmTqRrsHvyDDTelgelxJ+SsejKKQ==",
        "dependencies": {
          "@types/react": "@types/react@18.3.12"
        }
      },
      "@types/react@18.3.12": {
        "integrity": "sha512-D2wOSq/d6Agt28q7rSI3jhU7G6aiuzljDGZ2hTZHIkrTLUI+AF3WMeKkEZ9nN2fkBAlcktT6vcZjDFiIhMYEQw==",
        "dependencies": {
          "@types/prop-types": "@types/prop-types@15.7.13",
          "csstype": "csstype@3.1.3"
        }
      },
      "@uiw/codemirror-extensions-basic-setup@4.23.6_@codemirror+autocomplete@6.18.3__@codemirror+language@6.10.5__@codemirror+state@6.4.1__@codemirror+view@6.35.0__@lezer+common@1.2.3_@codemirror+commands@6.7.1_@codemirror+language@6.10.5_@codemirror+lint@6.8.3_@codemirror+search@6.5.8_@codemirror+state@6.4.1_@codemirror+view@6.35.0": {
        "integrity": "sha512-bvtq8IOvdkLJMhoJBRGPEzU51fMpPDwEhcAHp9xCR05MtbIokQgsnLXrmD1aZm6e7s/3q47H+qdSfAAkR5MkLA==",
        "dependencies": {
          "@codemirror/autocomplete": "@codemirror/autocomplete@6.18.3_@codemirror+language@6.10.5_@codemirror+state@6.4.1_@codemirror+view@6.35.0_@lezer+common@1.2.3",
          "@codemirror/commands": "@codemirror/commands@6.7.1",
          "@codemirror/language": "@codemirror/language@6.10.5",
          "@codemirror/lint": "@codemirror/lint@6.8.3",
          "@codemirror/search": "@codemirror/search@6.5.8",
          "@codemirror/state": "@codemirror/state@6.4.1",
          "@codemirror/view": "@codemirror/view@6.35.0"
        }
      },
      "@uiw/codemirror-theme-abcdef@4.23.6": {
        "integrity": "sha512-0RIwTzU4E0duFQcbWfPRm0cgsYbh/F5hJQlTW8BQc+keAIHD+Xsu8BQ7CEMQ6GCReQ2q2BkAhXhd2sPjxmuNsg==",
        "dependencies": {
          "@uiw/codemirror-themes": "@uiw/codemirror-themes@4.23.6_@codemirror+language@6.10.5_@codemirror+state@6.4.1_@codemirror+view@6.35.0"
        }
      },
      "@uiw/codemirror-themes@4.23.6_@codemirror+language@6.10.5_@codemirror+state@6.4.1_@codemirror+view@6.35.0": {
        "integrity": "sha512-0dpuLQW+V6zrKvfvor/eo71V3tpr2L2Hsu8QZAdtSzksjWABxTOzH3ShaBRxCEsrz6sU9sa9o7ShwBMMDz59bQ==",
        "dependencies": {
          "@codemirror/language": "@codemirror/language@6.10.5",
          "@codemirror/state": "@codemirror/state@6.4.1",
          "@codemirror/view": "@codemirror/view@6.35.0"
        }
      },
      "@uiw/react-codemirror@4.23.6_@babel+runtime@7.26.0_@codemirror+state@6.4.1_@codemirror+theme-one-dark@6.1.2_@codemirror+view@6.35.0_codemirror@6.0.1__@codemirror+language@6.10.5__@codemirror+state@6.4.1__@codemirror+view@6.35.0_react@18.3.1_react-dom@18.3.1__react@18.3.1_@codemirror+commands@6.7.1": {
        "integrity": "sha512-caYKGV6TfGLRV1HHD3p0G3FiVzKL1go7wes5XT2nWjB0+dTdyzyb81MKRSacptgZcotujfNO6QXn65uhETRAMw==",
        "dependencies": {
          "@babel/runtime": "@babel/runtime@7.26.0",
          "@codemirror/commands": "@codemirror/commands@6.7.1",
          "@codemirror/state": "@codemirror/state@6.4.1",
          "@codemirror/theme-one-dark": "@codemirror/theme-one-dark@6.1.2",
          "@codemirror/view": "@codemirror/view@6.35.0",
          "@uiw/codemirror-extensions-basic-setup": "@uiw/codemirror-extensions-basic-setup@4.23.6_@codemirror+autocomplete@6.18.3__@codemirror+language@6.10.5__@codemirror+state@6.4.1__@codemirror+view@6.35.0__@lezer+common@1.2.3_@codemirror+commands@6.7.1_@codemirror+language@6.10.5_@codemirror+lint@6.8.3_@codemirror+search@6.5.8_@codemirror+state@6.4.1_@codemirror+view@6.35.0",
          "codemirror": "codemirror@6.0.1_@codemirror+language@6.10.5_@codemirror+state@6.4.1_@codemirror+view@6.35.0",
          "react": "react@18.3.1",
          "react-dom": "react-dom@18.3.1_react@18.3.1"
        }
      },
      "call-bind@1.0.7": {
        "integrity": "sha512-GHTSNSYICQ7scH7sZ+M2rFopRoLh8t2bLSW6BbgrtLsahOIB5iyAVJf9GjWK3cYTDaMj4XdBpM1cA6pIS0Kv2w==",
        "dependencies": {
          "es-define-property": "es-define-property@1.0.0",
          "es-errors": "es-errors@1.3.0",
          "function-bind": "function-bind@1.1.2",
          "get-intrinsic": "get-intrinsic@1.2.4",
          "set-function-length": "set-function-length@1.2.2"
        }
      },
      "codemirror@6.0.1_@codemirror+language@6.10.5_@codemirror+state@6.4.1_@codemirror+view@6.35.0": {
        "integrity": "sha512-J8j+nZ+CdWmIeFIGXEFbFPtpiYacFMDR8GlHK3IyHQJMCaVRfGx9NT+Hxivv1ckLWPvNdZqndbr/7lVhrf/Svg==",
        "dependencies": {
          "@codemirror/autocomplete": "@codemirror/autocomplete@6.18.3_@codemirror+language@6.10.5_@codemirror+state@6.4.1_@codemirror+view@6.35.0_@lezer+common@1.2.3",
          "@codemirror/commands": "@codemirror/commands@6.7.1",
          "@codemirror/language": "@codemirror/language@6.10.5",
          "@codemirror/lint": "@codemirror/lint@6.8.3",
          "@codemirror/search": "@codemirror/search@6.5.8",
          "@codemirror/state": "@codemirror/state@6.4.1",
          "@codemirror/view": "@codemirror/view@6.35.0"
        }
      },
      "crelt@1.0.6": {
        "integrity": "sha512-VQ2MBenTq1fWZUH9DJNGti7kKv6EeAuYr3cLwxUWhIu1baTaXh4Ib5W2CqHVqib4/MqbYGJqiL3Zb8GJZr3l4g==",
        "dependencies": {}
      },
      "csstype@3.1.3": {
        "integrity": "sha512-M1uQkMl8rQK/szD0LNhtqxIPLpimGm8sOBwU7lLnCpSbTyY3yeU1Vc7l4KT5zT4s/yOxHH5O7tIuuLOCnLADRw==",
        "dependencies": {}
      },
      "define-data-property@1.1.4": {
        "integrity": "sha512-rBMvIzlpA8v6E+SJZoo++HAYqsLrkg7MSfIinMPFhmkorw7X+dOXVJQs+QT69zGkzMyfDnIMN2Wid1+NbL3T+A==",
        "dependencies": {
          "es-define-property": "es-define-property@1.0.0",
          "es-errors": "es-errors@1.3.0",
          "gopd": "gopd@1.0.1"
        }
      },
      "es-define-property@1.0.0": {
        "integrity": "sha512-jxayLKShrEqqzJ0eumQbVhTYQM27CfT1T35+gCgDFoL82JLsXqTJ76zv6A0YLOgEnLUMvLzsDsGIrl8NFpT2gQ==",
        "dependencies": {
          "get-intrinsic": "get-intrinsic@1.2.4"
        }
      },
      "es-errors@1.3.0": {
        "integrity": "sha512-Zf5H2Kxt2xjTvbJvP2ZWLEICxA6j+hAmMzIlypy4xcBg1vKVnx89Wy0GbS+kf5cwCVFFzdCFh2XSCFNULS6csw==",
        "dependencies": {}
      },
      "function-bind@1.1.2": {
        "integrity": "sha512-7XHNxH7qX9xG5mIwxkhumTox/MIRNcOgDrxWsMt2pAr23WHp6MrRlN7FBSFpCpr+oVO0F744iUgR82nJMfG2SA==",
        "dependencies": {}
      },
      "get-intrinsic@1.2.4": {
        "integrity": "sha512-5uYhsJH8VJBTv7oslg4BznJYhDoRI6waYCxMmCdnTrcCrHA/fCFKoTFz2JKKE0HdDFUF7/oQuhzumXJK7paBRQ==",
        "dependencies": {
          "es-errors": "es-errors@1.3.0",
          "function-bind": "function-bind@1.1.2",
          "has-proto": "has-proto@1.0.3",
          "has-symbols": "has-symbols@1.0.3",
          "hasown": "hasown@2.0.2"
        }
      },
      "gopd@1.0.1": {
        "integrity": "sha512-d65bNlIadxvpb/A2abVdlqKqV563juRnZ1Wtk6s1sIR8uNsXR70xqIzVqxVf1eTqDunwT2MkczEeaezCKTZhwA==",
        "dependencies": {
          "get-intrinsic": "get-intrinsic@1.2.4"
        }
      },
      "has-property-descriptors@1.0.2": {
        "integrity": "sha512-55JNKuIW+vq4Ke1BjOTjM2YctQIvCT7GFzHwmfZPGo5wnrgkid0YQtnAleFSqumZm4az3n2BS+erby5ipJdgrg==",
        "dependencies": {
          "es-define-property": "es-define-property@1.0.0"
        }
      },
      "has-proto@1.0.3": {
        "integrity": "sha512-SJ1amZAJUiZS+PhsVLf5tGydlaVB8EdFpaSO4gmiUKUOxk8qzn5AIy4ZeJUmh22znIdk/uMAUT2pl3FxzVUH+Q==",
        "dependencies": {}
      },
      "has-symbols@1.0.3": {
        "integrity": "sha512-l3LCuF6MgDNwTDKkdYGEihYjt5pRPbEg46rtlmnSPlUbgmB8LOIrKJbYYFBSbnPaJexMKtiPO8hmeRjRz2Td+A==",
        "dependencies": {}
      },
      "hasown@2.0.2": {
        "integrity": "sha512-0hJU9SCPvmMzIBdZFqNPXWa6dqh7WdH0cII9y+CyS8rG3nL48Bclra9HmKhVVUHyPWNH5Y7xDwAB7bfgSjkUMQ==",
        "dependencies": {
          "function-bind": "function-bind@1.1.2"
        }
      },
      "isarray@2.0.5": {
        "integrity": "sha512-xHjhDr3cNBK0BzdUJSPXZntQUx/mwMS5Rw4A7lPJ90XGAO6ISP/ePDNuo0vhqOZU+UD5JoodwCAAoZQd3FeAKw==",
        "dependencies": {}
      },
      "js-tokens@4.0.0": {
        "integrity": "sha512-RdJUflcE3cUzKiMqQgsCu06FPu9UdIJO0beYbPhHN4k6apgJtifcoCtT9bcxOpYBtpD2kCM6Sbzg4CausW/PKQ==",
        "dependencies": {}
      },
      "json-stable-stringify@1.1.1": {
        "integrity": "sha512-SU/971Kt5qVQfJpyDveVhQ/vya+5hvrjClFOcr8c0Fq5aODJjMwutrOfCU+eCnVD5gpx1Q3fEqkyom77zH1iIg==",
        "dependencies": {
          "call-bind": "call-bind@1.0.7",
          "isarray": "isarray@2.0.5",
          "jsonify": "jsonify@0.0.1",
          "object-keys": "object-keys@1.1.1"
        }
      },
      "jsonify@0.0.1": {
        "integrity": "sha512-2/Ki0GcmuqSrgFyelQq9M05y7PS0mEwuIzrf3f1fPqkVDVRvZrPZtVSMHxdgo8Aq0sxAOb/cr2aqqA3LeWHVPg==",
        "dependencies": {}
      },
      "loose-envify@1.4.0": {
        "integrity": "sha512-lyuxPGr/Wfhrlem2CL/UcnUc1zcqKAImBDzukY7Y5F/yQiNdko6+fRLevlw1HgMySw7f611UIY408EtxRSoK3Q==",
        "dependencies": {
          "js-tokens": "js-tokens@4.0.0"
        }
      },
      "object-keys@1.1.1": {
        "integrity": "sha512-NuAESUOUMrlIXOfHKzD6bpPu3tYt3xvjNdRIQ+FeT0lNb4K8WR70CaDxhuNguS2XG+GjkyMwOzsN5ZktImfhLA==",
        "dependencies": {}
      },
      "react-dom@18.3.1_react@18.3.1": {
        "integrity": "sha512-5m4nQKp+rZRb09LNH59GM4BxTh9251/ylbKIbpe7TpGxfJ+9kv6BLkLBXIjjspbgbnIBNqlI23tRnTWT0snUIw==",
        "dependencies": {
          "loose-envify": "loose-envify@1.4.0",
          "react": "react@18.3.1",
          "scheduler": "scheduler@0.23.2"
        }
      },
      "react@18.3.1": {
        "integrity": "sha512-wS+hAgJShR0KhEvPJArfuPVN1+Hz1t0Y6n5jLrGQbkb4urgPE/0Rve+1kMB1v/oWgHgm4WIcV+i7F2pTVj+2iQ==",
        "dependencies": {
          "loose-envify": "loose-envify@1.4.0"
        }
      },
      "regenerator-runtime@0.14.1": {
        "integrity": "sha512-dYnhHh0nJoMfnkZs6GmmhFknAGRrLznOu5nc9ML+EJxGvrx6H7teuevqVqCuPcPK//3eDrrjQhehXVx9cnkGdw==",
        "dependencies": {}
      },
      "scheduler@0.23.2": {
        "integrity": "sha512-UOShsPwz7NrMUqhR6t0hWjFduvOzbtv7toDH1/hIrfRNIDBnnBWd0CwJTGvTpngVlmwGCdP9/Zl/tVrDqcuYzQ==",
        "dependencies": {
          "loose-envify": "loose-envify@1.4.0"
        }
      },
      "set-function-length@1.2.2": {
        "integrity": "sha512-pgRc4hJ4/sNjWCSS9AmnS40x3bNMDTknHgL5UaMBTMyJnU90EgWh1Rz+MC9eFu4BuN/UwZjKQuY/1v3rM7HMfg==",
        "dependencies": {
          "define-data-property": "define-data-property@1.1.4",
          "es-errors": "es-errors@1.3.0",
          "function-bind": "function-bind@1.1.2",
          "get-intrinsic": "get-intrinsic@1.2.4",
          "gopd": "gopd@1.0.1",
          "has-property-descriptors": "has-property-descriptors@1.0.2"
        }
      },
      "style-mod@4.1.2": {
        "integrity": "sha512-wnD1HyVqpJUI2+eKZ+eo1UwghftP6yuFheBqqe+bWCotBjC2K1YnteJILRMs3SM4V/0dLEW1SC27MWP5y+mwmw==",
        "dependencies": {}
      },
      "typescript@5.7.2": {
        "integrity": "sha512-i5t66RHxDvVN40HfDd1PsEThGNnlMCMT3jMUuoh9/0TaqWevNontacunWyN02LA9/fIbEWlcHZcgTKb9QoaLfg==",
        "dependencies": {}
      },
      "w3c-keyname@2.2.8": {
        "integrity": "sha512-dpojBhNsCNN7T82Tm7k26A6G9ML3NkhDsnw9n/eoxSRlVBB4CEtIQ/KTCLI2Fwf3ataSXRhYFkQi3SlnFwPvPQ==",
        "dependencies": {}
      }
    }
  },
  "remote": {},
  "workspace": {
    "packageJson": {
      "dependencies": [
        "npm:@codemirror/lang-javascript@^6.2.2",
        "npm:@eslint/js@^9.11.1",
        "npm:@types/json-stable-stringify@^1.1.0",
        "npm:@types/node@^22.10.1",
        "npm:@types/react-dom@^18.3.0",
        "npm:@types/react@^18.3.10",
        "npm:@uiw/codemirror-theme-abcdef@^4.23.6",
        "npm:@uiw/react-codemirror@^4.23.6",
        "npm:@vitejs/plugin-react@^4.3.4",
        "npm:@vitest/coverage-v8@^2.1.8",
        "npm:eslint-plugin-react-hooks@^5.1.0-rc.1",
        "npm:eslint-plugin-react-refresh@^0.4.16",
        "npm:eslint@^9.16.0",
        "npm:globals@^15.13.0",
        "npm:json-stable-stringify@^1.1.1",
        "npm:prettier@^3.4.1",
        "npm:react-dom@^18.3.1",
        "npm:react-router-dom@^7.0.2",
        "npm:react@^18.3.1",
        "npm:typescript-eslint@^8.17.0",
        "npm:typescript@^5.5.3",
        "npm:vite@^6.0.2",
        "npm:vitest@^2.1.5"
      ]
    }
  }
}
